{
  "name": "sistem_keuangan_gkjdayu-main",
  "lockfileVersion": 3,
  "requires": true,
  "packages": {
    "": {
      "dependencies": {
        "chart.js": "^4.4.8",
        "ionicons": "^7.4.0"
      },
      "devDependencies": {
        "@prettier/plugin-php": "^0.25.0",
        "prettier": "^3.8.3"
      }
    },
    "node_modules/@kurkle/color": {
      "version": "0.3.4",
      "resolved": "https://registry.npmjs.org/@kurkle/color/-/color-0.3.4.tgz",
      "integrity": "sha512-M5UknZPHRu3DEDWoipU6sE8PdkZ6Z/S+v4dD+Ke8IaNlpdSQah50lz1KtcFBa2vsdOnwbbnxJwVM4wty6udA5w==",
      "license": "MIT"
    },
    "node_modules/@prettier/plugin-php": {
      "version": "0.25.0",
      "resolved": "https://registry.npmjs.org/@prettier/plugin-php/-/plugin-php-0.25.0.tgz",
      "integrity": "sha512-hi0NhucbspYqw5pZYKywEk5CxsBwA0pBcG6K08AZw7OQDoUm4Hhbxql7z/SzQGeTRHqak5PwDnVNgttZiZdrlg==",
      "dev": true,
      "license": "MIT",
      "dependencies": {
        "linguist-languages": "^8.0.0",
        "php-parser": "^3.4.0"
      },
      "peerDependencies": {
        "prettier": "^3.0.0"
      }
    },
    "node_modules/@rollup/rollup-darwin-arm64": {
      "version": "4.44.0",
      "resolved": "https://registry.npmjs.org/@rollup/rollup-darwin-arm64/-/rollup-darwin-arm64-4.44.0.tgz",
      "integrity": "sha512-VGF3wy0Eq1gcEIkSCr8Ke03CWT+Pm2yveKLaDvq51pPpZza3JX/ClxXOCmTYYq3us5MvEuNRTaeyFThCKRQhOA==",
      "cpu": [
        "arm64"
      ],
      "license": "MIT",
      "optional": true,
      "os": [
        "darwin"
      ]
    },
    "node_modules/@rollup/rollup-darwin-x64": {
      "version": "4.44.0",
      "resolved": "https://registry.npmjs.org/@rollup/rollup-darwin-x64/-/rollup-darwin-x64-4.44.0.tgz",
      "integrity": "sha512-fBkyrDhwquRvrTxSGH/qqt3/T0w5Rg0L7ZIDypvBPc1/gzjJle6acCpZ36blwuwcKD/u6oCE/sRWlUAcxLWQbQ==",
      "cpu": [
        "x64"
      ],
      "license": "MIT",
      "optional": true,
      "os": [
        "darwin"
      ]
    },
    "node_modules/@rollup/rollup-linux-arm64-gnu": {
      "version": "4.44.0",
      "resolved": "https://registry.npmjs.org/@rollup/rollup-linux-arm64-gnu/-/rollup-linux-arm64-gnu-4.44.0.tgz",
      "integrity": "sha512-ZTR2mxBHb4tK4wGf9b8SYg0Y6KQPjGpR4UWwTFdnmjB4qRtoATZ5dWn3KsDwGa5Z2ZBOE7K52L36J9LueKBdOQ==",
      "cpu": [
        "arm64"
      ],
      "license": "MIT",
      "optional": true,
      "os": [
        "linux"
      ]
    },
    "node_modules/@rollup/rollup-linux-arm64-musl": {
      "version": "4.44.0",
      "resolved": "https://registry.npmjs.org/@rollup/rollup-linux-arm64-musl/-/rollup-linux-arm64-musl-4.44.0.tgz",
      "integrity": "sha512-GFWfAhVhWGd4r6UxmnKRTBwP1qmModHtd5gkraeW2G490BpFOZkFtem8yuX2NyafIP/mGpRJgTJ2PwohQkUY/Q==",
      "cpu": [
        "arm64"
      ],
      "license": "MIT",
      "optional": true,
      "os": [
        "linux"
      ]
    },
    "node_modules/@rollup/rollup-linux-x64-gnu": {
      "version": "4.44.0",
      "resolved": "https://registry.npmjs.org/@rollup/rollup-linux-x64-gnu/-/rollup-linux-x64-gnu-4.44.0.tgz",
      "integrity": "sha512-iUVJc3c0o8l9Sa/qlDL2Z9UP92UZZW1+EmQ4xfjTc1akr0iUFZNfxrXJ/R1T90h/ILm9iXEY6+iPrmYB3pXKjw==",
      "cpu": [
        "x64"
      ],
      "license": "MIT",
      "optional": true,
      "os": [
        "linux"
      ]
    },
    "node_modules/@rollup/rollup-linux-x64-musl": {
      "version": "4.44.0",
      "resolved": "https://registry.npmjs.org/@rollup/rollup-linux-x64-musl/-/rollup-linux-x64-musl-4.44.0.tgz",
      "integrity": "sha512-PQUobbhLTQT5yz/SPg116VJBgz+XOtXt8D1ck+sfJJhuEsMj2jSej5yTdp8CvWBSceu+WW+ibVL6dm0ptG5fcA==",
      "cpu": [
        "x64"
      ],
      "license": "MIT",
      "optional": true,
      "os": [
        "linux"
      ]
    },
    "node_modules/@rollup/rollup-win32-arm64-msvc": {
      "version": "4.44.0",
      "resolved": "https://registry.npmjs.org/@rollup/rollup-win32-arm64-msvc/-/rollup-win32-arm64-msvc-4.44.0.tgz",
      "integrity": "sha512-M0CpcHf8TWn+4oTxJfh7LQuTuaYeXGbk0eageVjQCKzYLsajWS/lFC94qlRqOlyC2KvRT90ZrfXULYmukeIy7w==",
      "cpu": [
        "arm64"
      ],
      "license": "MIT",
      "optional": true,
      "os": [
        "win32"
      ]
    },
    "node_modules/@rollup/rollup-win32-x64-msvc": {
      "version": "4.44.0",
      "resolved": "https://registry.npmjs.org/@rollup/rollup-win32-x64-msvc/-/rollup-win32-x64-msvc-4.44.0.tgz",
      "integrity": "sha512-Q2Mgwt+D8hd5FIPUuPDsvPR7Bguza6yTkJxspDGkZj7tBRn2y4KSWYuIXpftFSjBra76TbKerCV7rgFPQrn+wQ==",
      "cpu": [
        "x64"
      ],
      "license": "MIT",
      "optional": true,
      "os": [
        "win32"
      ]
    },
    "node_modules/@stencil/core": {
      "version": "4.43.4",
      "resolved": "https://registry.npmjs.org/@stencil/core/-/core-4.43.4.tgz",
      "integrity": "sha512-QWawMM1XIpSz4k+k+VyHZMr2YSxlCNAPWO/jTdJ+2kdgdN7ZQVEFZpc4WBm3E3mrDPTZ79lLcnIPa399bg4XOg==",
      "license": "MIT",
      "bin": {
        "stencil": "bin/stencil"
      },
      "engines": {
        "node": ">=16.0.0",
        "npm": ">=7.10.0"
      },
      "optionalDependencies": {
        "@rollup/rollup-darwin-arm64": "4.44.0",
        "@rollup/rollup-darwin-x64": "4.44.0",
        "@rollup/rollup-linux-arm64-gnu": "4.44.0",
        "@rollup/rollup-linux-arm64-musl": "4.44.0",
        "@rollup/rollup-linux-x64-gnu": "4.44.0",
        "@rollup/rollup-linux-x64-musl": "4.44.0",
        "@rollup/rollup-win32-arm64-msvc": "4.44.0",
        "@rollup/rollup-win32-x64-msvc": "4.44.0"
      }
    },
    "node_modules/chart.js": {
      "version": "4.5.1",
      "resolved": "https://registry.npmjs.org/chart.js/-/chart.js-4.5.1.tgz",
      "integrity": "sha512-GIjfiT9dbmHRiYi6Nl2yFCq7kkwdkp1W/lp2J99rX0yo9tgJGn3lKQATztIjb5tVtevcBtIdICNWqlq5+E8/Pw==",
      "license": "MIT",
      "dependencies": {
        "@kurkle/color": "^0.3.0"
      },
      "engines": {
        "pnpm": ">=8"
      }
    },
    "node_modules/ionicons": {
      "version": "7.4.0",
      "resolved": "https://registry.npmjs.org/ionicons/-/ionicons-7.4.0.tgz",
      "integrity": "sha512-ZK94MMqgzMCPPMhmk8Ouu6goyVHFIlw/ACP6oe3FrikcI0N7CX0xcwVaEbUc0G/v3W0shI93vo+9ve/KpvcNhQ==",
      "license": "MIT",
      "dependencies": {
        "@stencil/core": "^4.0.3"
      }
    },
    "node_modules/linguist-languages": {
      "version": "8.2.0",
      "resolved": "https://registry.npmjs.org/linguist-languages/-/linguist-languages-8.2.0.tgz",
      "integrity": "sha512-KCUUH9x97QWYU0SXOCGxUrZR6cSfuQrMhABB7L/0I8N0LXOeaKe7+RZs7FAwvWCV2qKfZ4Wv1luLq4OfMezSJg==",
      "dev": true,
      "license": "MIT"
    },
    "node_modules/php-parser": {
      "version": "3.6.0",
      "resolved": "https://registry.npmjs.org/php-parser/-/php-parser-3.6.0.tgz",
      "integrity": "sha512-0CZrf+w7Fh9/Jkw64y2Ihh5IQZJjhK6VUxbLJL3CpuA6h0b3yaADAwrXz3WL1qA6PzQEl/cE9K42WKbp0zkECQ==",
      "dev": true,
      "license": "BSD-3-Clause"
    },
    "node_modules/prettier": {
      "version": "3.8.3",
      "resolved": "https://registry.npmjs.org/prettier/-/prettier-3.8.3.tgz",
      "integrity": "sha512-7igPTM53cGHMW8xWuVTydi2KO233VFiTNyF5hLJqpilHfmn8C8gPf+PS7dUT64YcXFbiMGZxS9pCSxL/Dxm/Jw==",
      "dev": true,
      "license": "MIT",
      "bin": {
        "prettier": "bin/prettier.cjs"
      },
      "engines": {
        "node": ">=14"
      },
      "funding": {
        "url": "https://github.com/prettier/prettier?sponsor=1"
      }
    }
  }
}
